
Microsoft Visual Studio Solution File, Format Version 12.00
# Visual Studio Version 17
VisualStudioVersion = 17.3.32819.101
MinimumVisualStudioVersion = 10.0.40219.1
Project("{FAE04EC0-301F-11D3-BF4B-00C04F79EFBC}") = "Store", "Store\Store.csproj", "{5714CB51-AE34-4C44-A685-71FFCA033A14}"
EndProject
Global
	GlobalSection(SolutionConfigurationPlatforms) = preSolution
		Debug|Any CPU = Debug|Any CPU
		Release|Any CPU = Release|Any CPU
	EndGlobalSection
	GlobalSection(ProjectConfigurationPlatforms) = postSolution
		{5714CB51-AE34-4C44-A685-71FFCA033A14}.Debug|Any CPU.ActiveCfg = Debug|Any CPU
		{5714CB51-AE34-4C44-A685-71FFCA033A14}.Debug|Any CPU.Build.0 = Debug|Any CPU
		{5714CB51-AE34-4C44-A685-71FFCA033A14}.Release|Any CPU.ActiveCfg = Release|Any CPU
		{5714CB51-AE34-4C44-A685-71FFCA033A14}.Release|Any CPU.Build.0 = Release|Any CPU
	EndGlobalSection
	GlobalSection(SolutionProperties) = preSolution
		HideSolutionNode = FALSE
	EndGlobalSection
	GlobalSection(ExtensibilityGlobals) = postSolution
		SolutionGuid = {88F0C205-4B9D-44B9-809B-76C8A35A223E}
	EndGlobalSection
EndGlobal
